
Microsoft Visual Studio Solution File, Format Version 12.00
# Visual Studio 15
VisualStudioVersion = 15.0.27130.2010
MinimumVisualStudioVersion = 10.0.40219.1
Project("{FAE04EC0-301F-11D3-BF4B-00C04F79EFBC}") = "WindowsVistaClassicLogonPrompt", "WindowsVistaClassicLogonPrompt\WindowsVistaClassicLogonPrompt.csproj", "{292F34A9-D80A-4ED2-8A18-DE8E2D0ED217}"
EndProject
Global
	GlobalSection(SolutionConfigurationPlatforms) = preSolution
		Debug|Any CPU = Debug|Any CPU
		Release|Any CPU = Release|Any CPU
	EndGlobalSection
	GlobalSection(ProjectConfigurationPlatforms) = postSolution
		{292F34A9-D80A-4ED2-8A18-DE8E2D0ED217}.Debug|Any CPU.ActiveCfg = Debug|Any CPU
		{292F34A9-D80A-4ED2-8A18-DE8E2D0ED217}.Debug|Any CPU.Build.0 = Debug|Any CPU
		{292F34A9-D80A-4ED2-8A18-DE8E2D0ED217}.Release|Any CPU.ActiveCfg = Release|Any CPU
		{292F34A9-D80A-4ED2-8A18-DE8E2D0ED217}.Release|Any CPU.Build.0 = Release|Any CPU
	EndGlobalSection
	GlobalSection(SolutionProperties) = preSolution
		HideSolutionNode = FALSE
	EndGlobalSection
	GlobalSection(ExtensibilityGlobals) = postSolution
		SolutionGuid = {997E6162-9FB8-4754-BCFF-AEF14E28D9B6}
	EndGlobalSection
EndGlobal
